
Microsoft Visual Studio Solution File, Format Version 12.00
# Visual Studio 15
Project("{FAE04EC0-301F-11D3-BF4B-00C04F79EFBC}") = "A donde le llevo", "Assembly-CSharp.csproj", "{35009E2C-4F01-4AB5-4CF5-12292EE96AC6}"
EndProject
Global
	GlobalSection(SolutionConfigurationPlatforms) = preSolution
		Debug|Any CPU = Debug|Any CPU
		Release|Any CPU = Release|Any CPU
	EndGlobalSection
	GlobalSection(ProjectConfigurationPlatforms) = postSolution
		{35009E2C-4F01-4AB5-4CF5-12292EE96AC6}.Debug|Any CPU.ActiveCfg = Debug|Any CPU
		{35009E2C-4F01-4AB5-4CF5-12292EE96AC6}.Debug|Any CPU.Build.0 = Debug|Any CPU
		{35009E2C-4F01-4AB5-4CF5-12292EE96AC6}.Release|Any CPU.ActiveCfg = Release|Any CPU
		{35009E2C-4F01-4AB5-4CF5-12292EE96AC6}.Release|Any CPU.Build.0 = Release|Any CPU
	EndGlobalSection
	GlobalSection(SolutionProperties) = preSolution
		HideSolutionNode = FALSE
	EndGlobalSection
EndGlobal
